Microsoft Visual Studio Solution File, Format Version 10.00
# Visual Studio 2008
Project("{2150E333-8FDC-42A3-9474-1A3956D46DE8}") = "Tools", "Tools", "{FFC74B42-24DA-4B38-826A-4284CA085C6C}"
EndProject
Project("{2150E333-8FDC-42A3-9474-1A3956D46DE8}") = "Libs", "Libs", "{19F0DC62-2B4A-4111-AEED-B55937ABE74D}"
EndProject
Project("{8BC9CEB8-8B4A-11D0-8D11-00A0C91BC942}") = "Core", "Libs\Core\Core.vcproj", "{1E2009FE-CA2E-40E7-AD83-31BB46671AD2}"
EndProject
Project("{8BC9CEB8-8B4A-11D0-8D11-00A0C91BC942}") = "CeAgent", "Tools\CeAgent\CeAgent.vcproj", "{FF4436FF-6EAD-4BC0-9E4E-8AAD3520E7E3}"
	ProjectSection(ProjectDependencies) = postProject
		{4405149F-06D2-43F5-A7AE-0A2119B964B7} = {4405149F-06D2-43F5-A7AE-0A2119B964B7}
		{8E8016DF-77FD-453D-A653-16BEEE85B21B} = {8E8016DF-77FD-453D-A653-16BEEE85B21B}
		{1E2009FE-CA2E-40E7-AD83-31BB46671AD2} = {1E2009FE-CA2E-40E7-AD83-31BB46671AD2}
	EndProjectSection
EndProject
Project("{8BC9CEB8-8B4A-11D0-8D11-00A0C91BC942}") = "CeRun", "Tools\CeRun\CeRun.vcproj", "{B7C491D2-45FE-44FB-ADD0-82B75E13B05C}"
	ProjectSection(ProjectDependencies) = postProject
		{98ACF19A-1ED5-44EF-B995-3CDB01104DC7} = {98ACF19A-1ED5-44EF-B995-3CDB01104DC7}
		{4405149F-06D2-43F5-A7AE-0A2119B964B7} = {4405149F-06D2-43F5-A7AE-0A2119B964B7}
		{1E2009FE-CA2E-40E7-AD83-31BB46671AD2} = {1E2009FE-CA2E-40E7-AD83-31BB46671AD2}
	EndProjectSection
EndProject
Project("{8BC9CEB8-8B4A-11D0-8D11-00A0C91BC942}") = "Debug", "Libs\Debug\Debug.vcproj", "{4405149F-06D2-43F5-A7AE-0A2119B964B7}"
EndProject
Project("{8BC9CEB8-8B4A-11D0-8D11-00A0C91BC942}") = "Registry", "Libs\Registry\Registry.vcproj", "{8E8016DF-77FD-453D-A653-16BEEE85B21B}"
EndProject
Project("{2150E333-8FDC-42A3-9474-1A3956D46DE8}") = "Docs", "Docs", "{CC36E103-F243-445A-BF27-6E90C7A0C86E}"
	ProjectSection(SolutionItems) = preProject
		COPYING = COPYING
		README.markdown = README.markdown
	EndProjectSection
EndProject
Project("{8BC9CEB8-8B4A-11D0-8D11-00A0C91BC942}") = "Remote", "Libs\Remote\Remote.vcproj", "{98ACF19A-1ED5-44EF-B995-3CDB01104DC7}"
EndProject
Project("{8BC9CEB8-8B4A-11D0-8D11-00A0C91BC942}") = "CeList", "Tools\CeList\CeList.vcproj", "{ACE6632C-9408-4A8D-A857-585830B03873}"
	ProjectSection(ProjectDependencies) = postProject
		{98ACF19A-1ED5-44EF-B995-3CDB01104DC7} = {98ACF19A-1ED5-44EF-B995-3CDB01104DC7}
		{1E2009FE-CA2E-40E7-AD83-31BB46671AD2} = {1E2009FE-CA2E-40E7-AD83-31BB46671AD2}
	EndProjectSection
EndProject
Global
	GlobalSection(SolutionConfigurationPlatforms) = preSolution
		Debug|Mixed Platforms = Debug|Mixed Platforms
		Debug|Pocket PC 2003 (ARMV4) = Debug|Pocket PC 2003 (ARMV4)
		Debug|Win32 = Debug|Win32
		Release|Mixed Platforms = Release|Mixed Platforms
		Release|Pocket PC 2003 (ARMV4) = Release|Pocket PC 2003 (ARMV4)
		Release|Win32 = Release|Win32
	EndGlobalSection
	GlobalSection(ProjectConfigurationPlatforms) = postSolution
		{1E2009FE-CA2E-40E7-AD83-31BB46671AD2}.Debug|Mixed Platforms.ActiveCfg = Debug|Pocket PC 2003 (ARMV4)
		{1E2009FE-CA2E-40E7-AD83-31BB46671AD2}.Debug|Mixed Platforms.Build.0 = Debug|Pocket PC 2003 (ARMV4)
		{1E2009FE-CA2E-40E7-AD83-31BB46671AD2}.Debug|Mixed Platforms.Deploy.0 = Debug|Pocket PC 2003 (ARMV4)
		{1E2009FE-CA2E-40E7-AD83-31BB46671AD2}.Debug|Pocket PC 2003 (ARMV4).ActiveCfg = Debug|Pocket PC 2003 (ARMV4)
		{1E2009FE-CA2E-40E7-AD83-31BB46671AD2}.Debug|Pocket PC 2003 (ARMV4).Build.0 = Debug|Pocket PC 2003 (ARMV4)
		{1E2009FE-CA2E-40E7-AD83-31BB46671AD2}.Debug|Win32.ActiveCfg = Debug|Win32
		{1E2009FE-CA2E-40E7-AD83-31BB46671AD2}.Debug|Win32.Build.0 = Debug|Win32
		{1E2009FE-CA2E-40E7-AD83-31BB46671AD2}.Release|Mixed Platforms.ActiveCfg = Release|Pocket PC 2003 (ARMV4)
		{1E2009FE-CA2E-40E7-AD83-31BB46671AD2}.Release|Mixed Platforms.Build.0 = Release|Pocket PC 2003 (ARMV4)
		{1E2009FE-CA2E-40E7-AD83-31BB46671AD2}.Release|Mixed Platforms.Deploy.0 = Release|Pocket PC 2003 (ARMV4)
		{1E2009FE-CA2E-40E7-AD83-31BB46671AD2}.Release|Pocket PC 2003 (ARMV4).ActiveCfg = Release|Pocket PC 2003 (ARMV4)
		{1E2009FE-CA2E-40E7-AD83-31BB46671AD2}.Release|Pocket PC 2003 (ARMV4).Build.0 = Release|Pocket PC 2003 (ARMV4)
		{1E2009FE-CA2E-40E7-AD83-31BB46671AD2}.Release|Win32.ActiveCfg = Release|Win32
		{1E2009FE-CA2E-40E7-AD83-31BB46671AD2}.Release|Win32.Build.0 = Release|Win32
		{FF4436FF-6EAD-4BC0-9E4E-8AAD3520E7E3}.Debug|Mixed Platforms.ActiveCfg = Debug|Pocket PC 2003 (ARMV4)
		{FF4436FF-6EAD-4BC0-9E4E-8AAD3520E7E3}.Debug|Mixed Platforms.Build.0 = Debug|Pocket PC 2003 (ARMV4)
		{FF4436FF-6EAD-4BC0-9E4E-8AAD3520E7E3}.Debug|Mixed Platforms.Deploy.0 = Debug|Pocket PC 2003 (ARMV4)
		{FF4436FF-6EAD-4BC0-9E4E-8AAD3520E7E3}.Debug|Pocket PC 2003 (ARMV4).ActiveCfg = Debug|Pocket PC 2003 (ARMV4)
		{FF4436FF-6EAD-4BC0-9E4E-8AAD3520E7E3}.Debug|Pocket PC 2003 (ARMV4).Build.0 = Debug|Pocket PC 2003 (ARMV4)
		{FF4436FF-6EAD-4BC0-9E4E-8AAD3520E7E3}.Debug|Win32.ActiveCfg = Debug|Pocket PC 2003 (ARMV4)
		{FF4436FF-6EAD-4BC0-9E4E-8AAD3520E7E3}.Release|Mixed Platforms.ActiveCfg = Release|Pocket PC 2003 (ARMV4)
		{FF4436FF-6EAD-4BC0-9E4E-8AAD3520E7E3}.Release|Mixed Platforms.Build.0 = Release|Pocket PC 2003 (ARMV4)
		{FF4436FF-6EAD-4BC0-9E4E-8AAD3520E7E3}.Release|Mixed Platforms.Deploy.0 = Release|Pocket PC 2003 (ARMV4)
		{FF4436FF-6EAD-4BC0-9E4E-8AAD3520E7E3}.Release|Pocket PC 2003 (ARMV4).ActiveCfg = Release|Pocket PC 2003 (ARMV4)
		{FF4436FF-6EAD-4BC0-9E4E-8AAD3520E7E3}.Release|Pocket PC 2003 (ARMV4).Build.0 = Release|Pocket PC 2003 (ARMV4)
		{FF4436FF-6EAD-4BC0-9E4E-8AAD3520E7E3}.Release|Win32.ActiveCfg = Release|Pocket PC 2003 (ARMV4)
		{B7C491D2-45FE-44FB-ADD0-82B75E13B05C}.Debug|Mixed Platforms.ActiveCfg = Debug|Win32
		{B7C491D2-45FE-44FB-ADD0-82B75E13B05C}.Debug|Mixed Platforms.Build.0 = Debug|Win32
		{B7C491D2-45FE-44FB-ADD0-82B75E13B05C}.Debug|Pocket PC 2003 (ARMV4).ActiveCfg = Debug|Win32
		{B7C491D2-45FE-44FB-ADD0-82B75E13B05C}.Debug|Win32.ActiveCfg = Debug|Win32
		{B7C491D2-45FE-44FB-ADD0-82B75E13B05C}.Debug|Win32.Build.0 = Debug|Win32
		{B7C491D2-45FE-44FB-ADD0-82B75E13B05C}.Release|Mixed Platforms.ActiveCfg = Release|Win32
		{B7C491D2-45FE-44FB-ADD0-82B75E13B05C}.Release|Mixed Platforms.Build.0 = Release|Win32
		{B7C491D2-45FE-44FB-ADD0-82B75E13B05C}.Release|Pocket PC 2003 (ARMV4).ActiveCfg = Release|Win32
		{B7C491D2-45FE-44FB-ADD0-82B75E13B05C}.Release|Win32.ActiveCfg = Release|Win32
		{B7C491D2-45FE-44FB-ADD0-82B75E13B05C}.Release|Win32.Build.0 = Release|Win32
		{4405149F-06D2-43F5-A7AE-0A2119B964B7}.Debug|Mixed Platforms.ActiveCfg = Debug|Pocket PC 2003 (ARMV4)
		{4405149F-06D2-43F5-A7AE-0A2119B964B7}.Debug|Mixed Platforms.Build.0 = Debug|Pocket PC 2003 (ARMV4)
		{4405149F-06D2-43F5-A7AE-0A2119B964B7}.Debug|Mixed Platforms.Deploy.0 = Debug|Pocket PC 2003 (ARMV4)
		{4405149F-06D2-43F5-A7AE-0A2119B964B7}.Debug|Pocket PC 2003 (ARMV4).ActiveCfg = Debug|Pocket PC 2003 (ARMV4)
		{4405149F-06D2-43F5-A7AE-0A2119B964B7}.Debug|Pocket PC 2003 (ARMV4).Build.0 = Debug|Pocket PC 2003 (ARMV4)
		{4405149F-06D2-43F5-A7AE-0A2119B964B7}.Debug|Win32.ActiveCfg = Debug|Pocket PC 2003 (ARMV4)
		{4405149F-06D2-43F5-A7AE-0A2119B964B7}.Release|Mixed Platforms.ActiveCfg = Release|Pocket PC 2003 (ARMV4)
		{4405149F-06D2-43F5-A7AE-0A2119B964B7}.Release|Mixed Platforms.Build.0 = Release|Pocket PC 2003 (ARMV4)
		{4405149F-06D2-43F5-A7AE-0A2119B964B7}.Release|Mixed Platforms.Deploy.0 = Release|Pocket PC 2003 (ARMV4)
		{4405149F-06D2-43F5-A7AE-0A2119B964B7}.Release|Pocket PC 2003 (ARMV4).ActiveCfg = Release|Pocket PC 2003 (ARMV4)
		{4405149F-06D2-43F5-A7AE-0A2119B964B7}.Release|Pocket PC 2003 (ARMV4).Build.0 = Release|Pocket PC 2003 (ARMV4)
		{4405149F-06D2-43F5-A7AE-0A2119B964B7}.Release|Win32.ActiveCfg = Release|Pocket PC 2003 (ARMV4)
		{8E8016DF-77FD-453D-A653-16BEEE85B21B}.Debug|Mixed Platforms.ActiveCfg = Debug|Pocket PC 2003 (ARMV4)
		{8E8016DF-77FD-453D-A653-16BEEE85B21B}.Debug|Mixed Platforms.Build.0 = Debug|Pocket PC 2003 (ARMV4)
		{8E8016DF-77FD-453D-A653-16BEEE85B21B}.Debug|Mixed Platforms.Deploy.0 = Debug|Pocket PC 2003 (ARMV4)
		{8E8016DF-77FD-453D-A653-16BEEE85B21B}.Debug|Pocket PC 2003 (ARMV4).ActiveCfg = Debug|Pocket PC 2003 (ARMV4)
		{8E8016DF-77FD-453D-A653-16BEEE85B21B}.Debug|Pocket PC 2003 (ARMV4).Build.0 = Debug|Pocket PC 2003 (ARMV4)
		{8E8016DF-77FD-453D-A653-16BEEE85B21B}.Debug|Win32.ActiveCfg = Debug|Win32
		{8E8016DF-77FD-453D-A653-16BEEE85B21B}.Debug|Win32.Build.0 = Debug|Win32
		{8E8016DF-77FD-453D-A653-16BEEE85B21B}.Release|Mixed Platforms.ActiveCfg = Release|Pocket PC 2003 (ARMV4)
		{8E8016DF-77FD-453D-A653-16BEEE85B21B}.Release|Mixed Platforms.Build.0 = Release|Pocket PC 2003 (ARMV4)
		{8E8016DF-77FD-453D-A653-16BEEE85B21B}.Release|Mixed Platforms.Deploy.0 = Release|Pocket PC 2003 (ARMV4)
		{8E8016DF-77FD-453D-A653-16BEEE85B21B}.Release|Pocket PC 2003 (ARMV4).ActiveCfg = Release|Pocket PC 2003 (ARMV4)
		{8E8016DF-77FD-453D-A653-16BEEE85B21B}.Release|Pocket PC 2003 (ARMV4).Build.0 = Release|Pocket PC 2003 (ARMV4)
		{8E8016DF-77FD-453D-A653-16BEEE85B21B}.Release|Win32.ActiveCfg = Release|Win32
		{8E8016DF-77FD-453D-A653-16BEEE85B21B}.Release|Win32.Build.0 = Release|Win32
		{98ACF19A-1ED5-44EF-B995-3CDB01104DC7}.Debug|Mixed Platforms.ActiveCfg = Debug|Win32
		{98ACF19A-1ED5-44EF-B995-3CDB01104DC7}.Debug|Mixed Platforms.Build.0 = Debug|Win32
		{98ACF19A-1ED5-44EF-B995-3CDB01104DC7}.Debug|Pocket PC 2003 (ARMV4).ActiveCfg = Debug|Win32
		{98ACF19A-1ED5-44EF-B995-3CDB01104DC7}.Debug|Win32.ActiveCfg = Debug|Win32
		{98ACF19A-1ED5-44EF-B995-3CDB01104DC7}.Debug|Win32.Build.0 = Debug|Win32
		{98ACF19A-1ED5-44EF-B995-3CDB01104DC7}.Release|Mixed Platforms.ActiveCfg = Release|Win32
		{98ACF19A-1ED5-44EF-B995-3CDB01104DC7}.Release|Mixed Platforms.Build.0 = Release|Win32
		{98ACF19A-1ED5-44EF-B995-3CDB01104DC7}.Release|Pocket PC 2003 (ARMV4).ActiveCfg = Release|Win32
		{98ACF19A-1ED5-44EF-B995-3CDB01104DC7}.Release|Win32.ActiveCfg = Release|Win32
		{98ACF19A-1ED5-44EF-B995-3CDB01104DC7}.Release|Win32.Build.0 = Release|Win32
		{ACE6632C-9408-4A8D-A857-585830B03873}.Debug|Mixed Platforms.ActiveCfg = Debug|Win32
		{ACE6632C-9408-4A8D-A857-585830B03873}.Debug|Mixed Platforms.Build.0 = Debug|Win32
		{ACE6632C-9408-4A8D-A857-585830B03873}.Debug|Pocket PC 2003 (ARMV4).ActiveCfg = Debug|Win32
		{ACE6632C-9408-4A8D-A857-585830B03873}.Debug|Win32.ActiveCfg = Debug|Win32
		{ACE6632C-9408-4A8D-A857-585830B03873}.Debug|Win32.Build.0 = Debug|Win32
		{ACE6632C-9408-4A8D-A857-585830B03873}.Release|Mixed Platforms.ActiveCfg = Release|Win32
		{ACE6632C-9408-4A8D-A857-585830B03873}.Release|Mixed Platforms.Build.0 = Release|Win32
		{ACE6632C-9408-4A8D-A857-585830B03873}.Release|Pocket PC 2003 (ARMV4).ActiveCfg = Release|Win32
		{ACE6632C-9408-4A8D-A857-585830B03873}.Release|Win32.ActiveCfg = Release|Win32
		{ACE6632C-9408-4A8D-A857-585830B03873}.Release|Win32.Build.0 = Release|Win32
	EndGlobalSection
	GlobalSection(SolutionProperties) = preSolution
		HideSolutionNode = FALSE
	EndGlobalSection
	GlobalSection(NestedProjects) = preSolution
		{FF4436FF-6EAD-4BC0-9E4E-8AAD3520E7E3} = {FFC74B42-24DA-4B38-826A-4284CA085C6C}
		{B7C491D2-45FE-44FB-ADD0-82B75E13B05C} = {FFC74B42-24DA-4B38-826A-4284CA085C6C}
		{ACE6632C-9408-4A8D-A857-585830B03873} = {FFC74B42-24DA-4B38-826A-4284CA085C6C}
		{1E2009FE-CA2E-40E7-AD83-31BB46671AD2} = {19F0DC62-2B4A-4111-AEED-B55937ABE74D}
		{4405149F-06D2-43F5-A7AE-0A2119B964B7} = {19F0DC62-2B4A-4111-AEED-B55937ABE74D}
		{8E8016DF-77FD-453D-A653-16BEEE85B21B} = {19F0DC62-2B4A-4111-AEED-B55937ABE74D}
		{98ACF19A-1ED5-44EF-B995-3CDB01104DC7} = {19F0DC62-2B4A-4111-AEED-B55937ABE74D}
	EndGlobalSection
EndGlobal
